// !$*UTF8*$!
{
	archiveVersion = 1;
	classes = {
	};
	objectVersion = 55;
	objects = {

/* Begin PBXBuildFile section */
		4FDF82CFC836EDFD0A7BDC12 /* Pods_Tipsy_Teller.framework in Frameworks */ = {isa = PBXBuildFile; fileRef = C82DD8609B353F7E21F06B6F /* Pods_Tipsy_Teller.framework */; };
		EC1B1289279B4F2E0057D162 /* AppDelegate.swift in Sources */ = {isa = PBXBuildFile; fileRef = EC1B1288279B4F2E0057D162 /* AppDelegate.swift */; };
		EC1B128B279B4F2E0057D162 /* SceneDelegate.swift in Sources */ = {isa = PBXBuildFile; fileRef = EC1B128A279B4F2E0057D162 /* SceneDelegate.swift */; };
		EC1B128D279B4F2E0057D162 /* ViewController.swift in Sources */ = {isa = PBXBuildFile; fileRef = EC1B128C279B4F2E0057D162 /* ViewController.swift */; };
		EC1B1290279B4F2E0057D162 /* Main.storyboard in Resources */ = {isa = PBXBuildFile; fileRef = EC1B128E279B4F2E0057D162 /* Main.storyboard */; };
		EC1B1292279B4F350057D162 /* Assets.xcassets in Resources */ = {isa = PBXBuildFile; fileRef = EC1B1291279B4F350057D162 /* Assets.xcassets */; };
		EC1B1295279B4F350057D162 /* LaunchScreen.storyboard in Resources */ = {isa = PBXBuildFile; fileRef = EC1B1293279B4F350057D162 /* LaunchScreen.storyboard */; };
		EC4FA407279C5C4600C2EB78 /* DrinkViewController.swift in Sources */ = {isa = PBXBuildFile; fileRef = EC4FA406279C5C4600C2EB78 /* DrinkViewController.swift */; };
		EC7C329827DD4E07009A2A6F /* DateValueFormatter.swift in Sources */ = {isa = PBXBuildFile; fileRef = EC7C329727DD4E07009A2A6F /* DateValueFormatter.swift */; };
		ECCAF73B27C463A200FC6BFD /* ProfileViewController.swift in Sources */ = {isa = PBXBuildFile; fileRef = ECCAF73A27C463A200FC6BFD /* ProfileViewController.swift */; };
		ECE9FE2E27A5A45700964AF6 /* HomeViewController.swift in Sources */ = {isa = PBXBuildFile; fileRef = ECE9FE2D27A5A45700964AF6 /* HomeViewController.swift */; };
		ECE9FE3027A5A49800964AF6 /* LoginViewController.swift in Sources */ = {isa = PBXBuildFile; fileRef = ECE9FE2F27A5A49800964AF6 /* LoginViewController.swift */; };
		ECE9FE3227A5A4B500964AF6 /* SignUpViewController.swift in Sources */ = {isa = PBXBuildFile; fileRef = ECE9FE3127A5A4B500964AF6 /* SignUpViewController.swift */; };
		ECE9FE3427A5FADE00964AF6 /* TrendsViewController.swift in Sources */ = {isa = PBXBuildFile; fileRef = ECE9FE3327A5FADE00964AF6 /* TrendsViewController.swift */; };
/* End PBXBuildFile section */

/* Begin PBXFileReference section */
		09B9DC943C0FA791D9A912C2 /* Pods-Tipsy_Teller.debug.xcconfig */ = {isa = PBXFileReference; includeInIndex = 1; lastKnownFileType = text.xcconfig; name = "Pods-Tipsy_Teller.debug.xcconfig"; path = "Target Support Files/Pods-Tipsy_Teller/Pods-Tipsy_Teller.debug.xcconfig"; sourceTree = "<group>"; };
		5C82F1509B764760B53E9991 /* Pods-Tipsy_Teller.release.xcconfig */ = {isa = PBXFileReference; includeInIndex = 1; lastKnownFileType = text.xcconfig; name = "Pods-Tipsy_Teller.release.xcconfig"; path = "Target Support Files/Pods-Tipsy_Teller/Pods-Tipsy_Teller.release.xcconfig"; sourceTree = "<group>"; };
		C82DD8609B353F7E21F06B6F /* Pods_Tipsy_Teller.framework */ = {isa = PBXFileReference; explicitFileType = wrapper.framework; includeInIndex = 0; path = Pods_Tipsy_Teller.framework; sourceTree = BUILT_PRODUCTS_DIR; };
		EC1B1285279B4F2E0057D162 /* Tipsy_Teller.app */ = {isa = PBXFileReference; explicitFileType = wrapper.application; includeInIndex = 0; path = Tipsy_Teller.app; sourceTree = BUILT_PRODUCTS_DIR; };
		EC1B1288279B4F2E0057D162 /* AppDelegate.swift */ = {isa = PBXFileReference; lastKnownFileType = sourcecode.swift; path = AppDelegate.swift; sourceTree = "<group>"; };
		EC1B128A279B4F2E0057D162 /* SceneDelegate.swift */ = {isa = PBXFileReference; lastKnownFileType = sourcecode.swift; path = SceneDelegate.swift; sourceTree = "<group>"; };
		EC1B128C279B4F2E0057D162 /* ViewController.swift */ = {isa = PBXFileReference; lastKnownFileType = sourcecode.swift; path = ViewController.swift; sourceTree = "<group>"; };
		EC1B128F279B4F2E0057D162 /* Base */ = {isa = PBXFileReference; lastKnownFileType = file.storyboard; name = Base; path = Base.lproj/Main.storyboard; sourceTree = "<group>"; };
		EC1B1291279B4F350057D162 /* Assets.xcassets */ = {isa = PBXFileReference; lastKnownFileType = folder.assetcatalog; path = Assets.xcassets; sourceTree = "<group>"; };
		EC1B1294279B4F350057D162 /* Base */ = {isa = PBXFileReference; lastKnownFileType = file.storyboard; name = Base; path = Base.lproj/LaunchScreen.storyboard; sourceTree = "<group>"; };
		EC1B1296279B4F350057D162 /* Info.plist */ = {isa = PBXFileReference; lastKnownFileType = text.plist.xml; path = Info.plist; sourceTree = "<group>"; };
		EC4FA406279C5C4600C2EB78 /* DrinkViewController.swift */ = {isa = PBXFileReference; lastKnownFileType = sourcecode.swift; path = DrinkViewController.swift; sourceTree = "<group>"; };
		EC7C329727DD4E07009A2A6F /* DateValueFormatter.swift */ = {isa = PBXFileReference; lastKnownFileType = sourcecode.swift; path = DateValueFormatter.swift; sourceTree = "<group>"; };
		ECCAF73A27C463A200FC6BFD /* ProfileViewController.swift */ = {isa = PBXFileReference; lastKnownFileType = sourcecode.swift; path = ProfileViewController.swift; sourceTree = "<group>"; };
		ECE9FE2D27A5A45700964AF6 /* HomeViewController.swift */ = {isa = PBXFileReference; lastKnownFileType = sourcecode.swift; path = HomeViewController.swift; sourceTree = "<group>"; };
		ECE9FE2F27A5A49800964AF6 /* LoginViewController.swift */ = {isa = PBXFileReference; lastKnownFileType = sourcecode.swift; path = LoginViewController.swift; sourceTree = "<group>"; };
		ECE9FE3127A5A4B500964AF6 /* SignUpViewController.swift */ = {isa = PBXFileReference; lastKnownFileType = sourcecode.swift; path = SignUpViewController.swift; sourceTree = "<group>"; };
		ECE9FE3327A5FADE00964AF6 /* TrendsViewController.swift */ = {isa = PBXFileReference; lastKnownFileType = sourcecode.swift; path = TrendsViewController.swift; sourceTree = "<group>"; };
/* End PBXFileReference section */

/* Begin PBXFrameworksBuildPhase section */
		EC1B1282279B4F2E0057D162 /* Frameworks */ = {
			isa = PBXFrameworksBuildPhase;
			buildActionMask = 2147483647;
			files = (
				4FDF82CFC836EDFD0A7BDC12 /* Pods_Tipsy_Teller.framework in Frameworks */,
			);
			runOnlyForDeploymentPostprocessing = 0;
		};
/* End PBXFrameworksBuildPhase section */

/* Begin PBXGroup section */
		7CF891CD5EC0E9EC431D1485 /* Pods */ = {
			isa = PBXGroup;
			children = (
				09B9DC943C0FA791D9A912C2 /* Pods-Tipsy_Teller.debug.xcconfig */,
				5C82F1509B764760B53E9991 /* Pods-Tipsy_Teller.release.xcconfig */,
			);
			path = Pods;
			sourceTree = "<group>";
		};
		EC1B127C279B4F2E0057D162 = {
			isa = PBXGroup;
			children = (
				EC1B1287279B4F2E0057D162 /* Tipsy_Teller */,
				EC1B1286279B4F2E0057D162 /* Products */,
				7CF891CD5EC0E9EC431D1485 /* Pods */,
				FE214A46D05E8CBA7AA6D923 /* Frameworks */,
			);
			sourceTree = "<group>";
		};
		EC1B1286279B4F2E0057D162 /* Products */ = {
			isa = PBXGroup;
			children = (
				EC1B1285279B4F2E0057D162 /* Tipsy_Teller.app */,
			);
			name = Products;
			sourceTree = "<group>";
		};
		EC1B1287279B4F2E0057D162 /* Tipsy_Teller */ = {
			isa = PBXGroup;
			children = (
				EC1B1288279B4F2E0057D162 /* AppDelegate.swift */,
				EC7C329727DD4E07009A2A6F /* DateValueFormatter.swift */,
				EC1B128A279B4F2E0057D162 /* SceneDelegate.swift */,
				EC1B128C279B4F2E0057D162 /* ViewController.swift */,
				EC1B128E279B4F2E0057D162 /* Main.storyboard */,
				ECE9FE3327A5FADE00964AF6 /* TrendsViewController.swift */,
				ECE9FE3127A5A4B500964AF6 /* SignUpViewController.swift */,
				ECE9FE2F27A5A49800964AF6 /* LoginViewController.swift */,
				ECE9FE2D27A5A45700964AF6 /* HomeViewController.swift */,
				EC1B1291279B4F350057D162 /* Assets.xcassets */,
				EC1B1293279B4F350057D162 /* LaunchScreen.storyboard */,
				EC1B1296279B4F350057D162 /* Info.plist */,
				EC4FA406279C5C4600C2EB78 /* DrinkViewController.swift */,
				ECCAF73A27C463A200FC6BFD /* ProfileViewController.swift */,
			);
			path = Tipsy_Teller;
			sourceTree = "<group>";
		};
		FE214A46D05E8CBA7AA6D923 /* Frameworks */ = {
			isa = PBXGroup;
			children = (
				C82DD8609B353F7E21F06B6F /* Pods_Tipsy_Teller.framework */,
			);
			name = Frameworks;
			sourceTree = "<group>";
		};
/* End PBXGroup section */

/* Begin PBXNativeTarget section */
		EC1B1284279B4F2E0057D162 /* Tipsy_Teller */ = {
			isa = PBXNativeTarget;
			buildConfigurationList = EC1B1299279B4F350057D162 /* Build configuration list for PBXNativeTarget "Tipsy_Teller" */;
			buildPhases = (
				393F6E45ED2DFA8C223DE350 /* [CP] Check Pods Manifest.lock */,
				EC1B1281279B4F2E0057D162 /* Sources */,
				EC1B1282279B4F2E0057D162 /* Frameworks */,
				EC1B1283279B4F2E0057D162 /* Resources */,
				6BC7F24DCA0CBB2856C12F41 /* [CP] Embed Pods Frameworks */,
			);
			buildRules = (
			);
			dependencies = (
			);
			name = Tipsy_Teller;
			productName = Tipsy_Teller;
			productReference = EC1B1285279B4F2E0057D162 /* Tipsy_Teller.app */;
			productType = "com.apple.product-type.application";
		};
/* End PBXNativeTarget section */

/* Begin PBXProject section */
		EC1B127D279B4F2E0057D162 /* Project object */ = {
			isa = PBXProject;
			attributes = {
				BuildIndependentTargetsInParallel = 1;
				LastSwiftUpdateCheck = 1300;
				LastUpgradeCheck = 1300;
				TargetAttributes = {
					EC1B1284279B4F2E0057D162 = {
						CreatedOnToolsVersion = 13.0;
					};
				};
			};
			buildConfigurationList = EC1B1280279B4F2E0057D162 /* Build configuration list for PBXProject "Tipsy_Teller" */;
			compatibilityVersion = "Xcode 13.0";
			developmentRegion = en;
			hasScannedForEncodings = 0;
			knownRegions = (
				en,
				Base,
			);
			mainGroup = EC1B127C279B4F2E0057D162;
			productRefGroup = EC1B1286279B4F2E0057D162 /* Products */;
			projectDirPath = "";
			projectRoot = "";
			targets = (
				EC1B1284279B4F2E0057D162 /* Tipsy_Teller */,
			);
		};
/* End PBXProject section */

/* Begin PBXResourcesBuildPhase section */
		EC1B1283279B4F2E0057D162 /* Resources */ = {
			isa = PBXResourcesBuildPhase;
			buildActionMask = 2147483647;
			files = (
				EC1B1295279B4F350057D162 /* LaunchScreen.storyboard in Resources */,
				EC1B1292279B4F350057D162 /* Assets.xcassets in Resources */,
				EC1B1290279B4F2E0057D162 /* Main.storyboard in Resources */,
			);
			runOnlyForDeploymentPostprocessing = 0;
		};
/* End PBXResourcesBuildPhase section */

/* Begin PBXShellScriptBuildPhase section */
		393F6E45ED2DFA8C223DE350 /* [CP] Check Pods Manifest.lock */ = {
			isa = PBXShellScriptBuildPhase;
			buildActionMask = 2147483647;
			files = (
			);
			inputFileListPaths = (
			);
			inputPaths = (
				"${PODS_PODFILE_DIR_PATH}/Podfile.lock",
				"${PODS_ROOT}/Manifest.lock",
			);
			name = "[CP] Check Pods Manifest.lock";
			outputFileListPaths = (
			);
			outputPaths = (
				"$(DERIVED_FILE_DIR)/Pods-Tipsy_Teller-checkManifestLockResult.txt",
			);
			runOnlyForDeploymentPostprocessing = 0;
			shellPath = /bin/sh;
			shellScript = "diff \"${PODS_PODFILE_DIR_PATH}/Podfile.lock\" \"${PODS_ROOT}/Manifest.lock\" > /dev/null\nif [ $? != 0 ] ; then\n    # print error to STDERR\n    echo \"error: The sandbox is not in sync with the Podfile.lock. Run 'pod install' or update your CocoaPods installation.\" >&2\n    exit 1\nfi\n# This output is used by Xcode 'outputs' to avoid re-running this script phase.\necho \"SUCCESS\" > \"${SCRIPT_OUTPUT_FILE_0}\"\n";
			showEnvVarsInLog = 0;
		};
		6BC7F24DCA0CBB2856C12F41 /* [CP] Embed Pods Frameworks */ = {
			isa = PBXShellScriptBuildPhase;
			buildActionMask = 2147483647;
			files = (
			);
			inputFileListPaths = (
				"${PODS_ROOT}/Target Support Files/Pods-Tipsy_Teller/Pods-Tipsy_Teller-frameworks-${CONFIGURATION}-input-files.xcfilelist",
			);
			name = "[CP] Embed Pods Frameworks";
			outputFileListPaths = (
				"${PODS_ROOT}/Target Support Files/Pods-Tipsy_Teller/Pods-Tipsy_Teller-frameworks-${CONFIGURATION}-output-files.xcfilelist",
			);
			runOnlyForDeploymentPostprocessing = 0;
			shellPath = /bin/sh;
			shellScript = "\"${PODS_ROOT}/Target Support Files/Pods-Tipsy_Teller/Pods-Tipsy_Teller-frameworks.sh\"\n";
			showEnvVarsInLog = 0;
		};
/* End PBXShellScriptBuildPhase section */

/* Begin PBXSourcesBuildPhase section */
		EC1B1281279B4F2E0057D162 /* Sources */ = {
			isa = PBXSourcesBuildPhase;
			buildActionMask = 2147483647;
			files = (
				ECE9FE3027A5A49800964AF6 /* LoginViewController.swift in Sources */,
				ECE9FE3227A5A4B500964AF6 /* SignUpViewController.swift in Sources */,
				ECE9FE2E27A5A45700964AF6 /* HomeViewController.swift in Sources */,
				EC1B128D279B4F2E0057D162 /* ViewController.swift in Sources */,
				ECE9FE3427A5FADE00964AF6 /* TrendsViewController.swift in Sources */,
				EC1B1289279B4F2E0057D162 /* AppDelegate.swift in Sources */,
				EC7C329827DD4E07009A2A6F /* DateValueFormatter.swift in Sources */,
				ECCAF73B27C463A200FC6BFD /* ProfileViewController.swift in Sources */,
				EC1B128B279B4F2E0057D162 /* SceneDelegate.swift in Sources */,
				EC4FA407279C5C4600C2EB78 /* DrinkViewController.swift in Sources */,
			);
			runOnlyForDeploymentPostprocessing = 0;
		};
/* End PBXSourcesBuildPhase section */

/* Begin PBXVariantGroup section */
		EC1B128E279B4F2E0057D162 /* Main.storyboard */ = {
			isa = PBXVariantGroup;
			children = (
				EC1B128F279B4F2E0057D162 /* Base */,
			);
			name = Main.storyboard;
			sourceTree = "<group>";
		};
		EC1B1293279B4F350057D162 /* LaunchScreen.storyboard */ = {
			isa = PBXVariantGroup;
			children = (
				EC1B1294279B4F350057D162 /* Base */,
			);
			name = LaunchScreen.storyboard;
			sourceTree = "<group>";
		};
/* End PBXVariantGroup section */

/* Begin XCBuildConfiguration section */
		EC1B1297279B4F350057D162 /* Debug */ = {
			isa = XCBuildConfiguration;
			buildSettings = {
				ALWAYS_SEARCH_USER_PATHS = NO;
				CLANG_ANALYZER_NONNULL = YES;
				CLANG_ANALYZER_NUMBER_OBJECT_CONVERSION = YES_AGGRESSIVE;
				CLANG_CXX_LANGUAGE_STANDARD = "gnu++17";
				CLANG_CXX_LIBRARY = "libc++";
				CLANG_ENABLE_MODULES = YES;
				CLANG_ENABLE_OBJC_ARC = YES;
				CLANG_ENABLE_OBJC_WEAK = YES;
				CLANG_WARN_BLOCK_CAPTURE_AUTORELEASING = YES;
				CLANG_WARN_BOOL_CONVERSION = YES;
				CLANG_WARN_COMMA = YES;
				CLANG_WARN_CONSTANT_CONVERSION = YES;
				CLANG_WARN_DEPRECATED_OBJC_IMPLEMENTATIONS = YES;
				CLANG_WARN_DIRECT_OBJC_ISA_USAGE = YES_ERROR;
				CLANG_WARN_DOCUMENTATION_COMMENTS = YES;
				CLANG_WARN_EMPTY_BODY = YES;
				CLANG_WARN_ENUM_CONVERSION = YES;
				CLANG_WARN_INFINITE_RECURSION = YES;
				CLANG_WARN_INT_CONVERSION = YES;
				CLANG_WARN_NON_LITERAL_NULL_CONVERSION = YES;
				CLANG_WARN_OBJC_IMPLICIT_RETAIN_SELF = YES;
				CLANG_WARN_OBJC_LITERAL_CONVERSION = YES;
				CLANG_WARN_OBJC_ROOT_CLASS = YES_ERROR;
				CLANG_WARN_QUOTED_INCLUDE_IN_FRAMEWORK_HEADER = YES;
				CLANG_WARN_RANGE_LOOP_ANALYSIS = YES;
				CLANG_WARN_STRICT_PROTOTYPES = YES;
				CLANG_WARN_SUSPICIOUS_MOVE = YES;
				CLANG_WARN_UNGUARDED_AVAILABILITY = YES_AGGRESSIVE;
				CLANG_WARN_UNREACHABLE_CODE = YES;
				CLANG_WARN__DUPLICATE_METHOD_MATCH = YES;
				COPY_PHASE_STRIP = NO;
				DEBUG_INFORMATION_FORMAT = dwarf;
				ENABLE_STRICT_OBJC_MSGSEND = YES;
				ENABLE_TESTABILITY = YES;
				GCC_C_LANGUAGE_STANDARD = gnu11;
				GCC_DYNAMIC_NO_PIC = NO;
				GCC_NO_COMMON_BLOCKS = YES;
				GCC_OPTIMIZATION_LEVEL = 0;
				GCC_PREPROCESSOR_DEFINITIONS = (
					"DEBUG=1",
					"$(inherited)",
				);
				GCC_WARN_64_TO_32_BIT_CONVERSION = YES;
				GCC_WARN_ABOUT_RETURN_TYPE = YES_ERROR;
				GCC_WARN_UNDECLARED_SELECTOR = YES;
				GCC_WARN_UNINITIALIZED_AUTOS = YES_AGGRESSIVE;
				GCC_WARN_UNUSED_FUNCTION = YES;
				GCC_WARN_UNUSED_VARIABLE = YES;
				IPHONEOS_DEPLOYMENT_TARGET = 15.0;
				MTL_ENABLE_DEBUG_INFO = INCLUDE_SOURCE;
				MTL_FAST_MATH = YES;
				ONLY_ACTIVE_ARCH = YES;
				SDKROOT = iphoneos;
				SWIFT_ACTIVE_COMPILATION_CONDITIONS = DEBUG;
				SWIFT_OPTIMIZATION_LEVEL = "-Onone";
			};
			name = Debug;
		};
		EC1B1298279B4F350057D162 /* Release */ = {
			isa = XCBuildConfiguration;
			buildSettings = {
				ALWAYS_SEARCH_USER_PATHS = NO;
				CLANG_ANALYZER_NONNULL = YES;
				CLANG_ANALYZER_NUMBER_OBJECT_CONVERSION = YES_AGGRESSIVE;
				CLANG_CXX_LANGUAGE_STANDARD = "gnu++17";
				CLANG_CXX_LIBRARY = "libc++";
				CLANG_ENABLE_MODULES = YES;
				CLANG_ENABLE_OBJC_ARC = YES;
				CLANG_ENABLE_OBJC_WEAK = YES;
				CLANG_WARN_BLOCK_CAPTURE_AUTORELEASING = YES;
				CLANG_WARN_BOOL_CONVERSION = YES;
				CLANG_WARN_COMMA = YES;
				CLANG_WARN_CONSTANT_CONVERSION = YES;
				CLANG_WARN_DEPRECATED_OBJC_IMPLEMENTATIONS = YES;
				CLANG_WARN_DIRECT_OBJC_ISA_USAGE = YES_ERROR;
				CLANG_WARN_DOCUMENTATION_COMMENTS = YES;
				CLANG_WARN_EMPTY_BODY = YES;
				CLANG_WARN_ENUM_CONVERSION = YES;
				CLANG_WARN_INFINITE_RECURSION = YES;
				CLANG_WARN_INT_CONVERSION = YES;
				CLANG_WARN_NON_LITERAL_NULL_CONVERSION = YES;
				CLANG_WARN_OBJC_IMPLICIT_RETAIN_SELF = YES;
				CLANG_WARN_OBJC_LITERAL_CONVERSION = YES;
				CLANG_WARN_OBJC_ROOT_CLASS = YES_ERROR;
				CLANG_WARN_QUOTED_INCLUDE_IN_FRAMEWORK_HEADER = YES;
				CLANG_WARN_RANGE_LOOP_ANALYSIS = YES;
				CLANG_WARN_STRICT_PROTOTYPES = YES;
				CLANG_WARN_SUSPICIOUS_MOVE = YES;
				CLANG_WARN_UNGUARDED_AVAILABILITY = YES_AGGRESSIVE;
				CLANG_WARN_UNREACHABLE_CODE = YES;
				CLANG_WARN__DUPLICATE_METHOD_MATCH = YES;
				COPY_PHASE_STRIP = NO;
				DEBUG_INFORMATION_FORMAT = "dwarf-with-dsym";
				ENABLE_NS_ASSERTIONS = NO;
				ENABLE_STRICT_OBJC_MSGSEND = YES;
				GCC_C_LANGUAGE_STANDARD = gnu11;
				GCC_NO_COMMON_BLOCKS = YES;
				GCC_WARN_64_TO_32_BIT_CONVERSION = YES;
				GCC_WARN_ABOUT_RETURN_TYPE = YES_ERROR;
				GCC_WARN_UNDECLARED_SELECTOR = YES;
				GCC_WARN_UNINITIALIZED_AUTOS = YES_AGGRESSIVE;
				GCC_WARN_UNUSED_FUNCTION = YES;
				GCC_WARN_UNUSED_VARIABLE = YES;
				IPHONEOS_DEPLOYMENT_TARGET = 15.0;
				MTL_ENABLE_DEBUG_INFO = NO;
				MTL_FAST_MATH = YES;
				SDKROOT = iphoneos;
				SWIFT_COMPILATION_MODE = wholemodule;
				SWIFT_OPTIMIZATION_LEVEL = "-O";
				VALIDATE_PRODUCT = YES;
			};
			name = Release;
		};
		EC1B129A279B4F350057D162 /* Debug */ = {
			isa = XCBuildConfiguration;
			baseConfigurationReference = 09B9DC943C0FA791D9A912C2 /* Pods-Tipsy_Teller.debug.xcconfig */;
			buildSettings = {
				ASSETCATALOG_COMPILER_APPICON_NAME = AppIcon;
				ASSETCATALOG_COMPILER_GLOBAL_ACCENT_COLOR_NAME = AccentColor;
				CODE_SIGN_STYLE = Automatic;
				CURRENT_PROJECT_VERSION = 1;
				DEVELOPMENT_TEAM = UFL58TXUUH;
				GENERATE_INFOPLIST_FILE = YES;
				INFOPLIST_FILE = Tipsy_Teller/Info.plist;
				INFOPLIST_KEY_UIApplicationSupportsIndirectInputEvents = YES;
				INFOPLIST_KEY_UILaunchStoryboardName = LaunchScreen;
				INFOPLIST_KEY_UIMainStoryboardFile = Main;
				INFOPLIST_KEY_UISupportedInterfaceOrientations_iPad = "UIInterfaceOrientationPortrait UIInterfaceOrientationPortraitUpsideDown UIInterfaceOrientationLandscapeLeft UIInterfaceOrientationLandscapeRight";
				INFOPLIST_KEY_UISupportedInterfaceOrientations_iPhone = "UIInterfaceOrientationPortrait UIInterfaceOrientationLandscapeLeft UIInterfaceOrientationLandscapeRight";
				LD_RUNPATH_SEARCH_PATHS = (
					"$(inherited)",
					"@executable_path/Frameworks",
				);
				MARKETING_VERSION = 1.0;
				PRODUCT_BUNDLE_IDENTIFIER = "Stephanie-Wiener.Tipsy-Teller";
				PRODUCT_NAME = "$(TARGET_NAME)";
				SWIFT_EMIT_LOC_STRINGS = YES;
				SWIFT_VERSION = 5.0;
				TARGETED_DEVICE_FAMILY = "1,2";
			};
			name = Debug;
		};
		EC1B129B279B4F350057D162 /* Release */ = {
			isa = XCBuildConfiguration;
			baseConfigurationReference = 5C82F1509B764760B53E9991 /* Pods-Tipsy_Teller.release.xcconfig */;
			buildSettings = {
				ASSETCATALOG_COMPILER_APPICON_NAME = AppIcon;
				ASSETCATALOG_COMPILER_GLOBAL_ACCENT_COLOR_NAME = AccentColor;
				CODE_SIGN_STYLE = Automatic;
				CURRENT_PROJECT_VERSION = 1;
				DEVELOPMENT_TEAM = UFL58TXUUH;
				GENERATE_INFOPLIST_FILE = YES;
				INFOPLIST_FILE = Tipsy_Teller/Info.plist;
				INFOPLIST_KEY_UIApplicationSupportsIndirectInputEvents = YES;
				INFOPLIST_KEY_UILaunchStoryboardName = LaunchScreen;
				INFOPLIST_KEY_UIMainStoryboardFile = Main;
				INFOPLIST_KEY_UISupportedInterfaceOrientations_iPad = "UIInterfaceOrientationPortrait UIInterfaceOrientationPortraitUpsideDown UIInterfaceOrientationLandscapeLeft UIInterfaceOrientationLandscapeRight";
				INFOPLIST_KEY_UISupportedInterfaceOrientations_iPhone = "UIInterfaceOrientationPortrait UIInterfaceOrientationLandscapeLeft UIInterfaceOrientationLandscapeRight";
				LD_RUNPATH_SEARCH_PATHS = (
					"$(inherited)",
					"@executable_path/Frameworks",
				);
				MARKETING_VERSION = 1.0;
				PRODUCT_BUNDLE_IDENTIFIER = "Stephanie-Wiener.Tipsy-Teller";
				PRODUCT_NAME = "$(TARGET_NAME)";
				SWIFT_EMIT_LOC_STRINGS = YES;
				SWIFT_VERSION = 5.0;
				TARGETED_DEVICE_FAMILY = "1,2";
			};
			name = Release;
		};
/* End XCBuildConfiguration section */

/* Begin XCConfigurationList section */
		EC1B1280279B4F2E0057D162 /* Build configuration list for PBXProject "Tipsy_Teller" */ = {
			isa = XCConfigurationList;
			buildConfigurations = (
				EC1B1297279B4F350057D162 /* Debug */,
				EC1B1298279B4F350057D162 /* Release */,
			);
			defaultConfigurationIsVisible = 0;
			defaultConfigurationName = Release;
		};
		EC1B1299279B4F350057D162 /* Build configuration list for PBXNativeTarget "Tipsy_Teller" */ = {
			isa = XCConfigurationList;
			buildConfigurations = (
				EC1B129A279B4F350057D162 /* Debug */,
				EC1B129B279B4F350057D162 /* Release */,
			);
			defaultConfigurationIsVisible = 0;
			defaultConfigurationName = Release;
		};
/* End XCConfigurationList section */
	};
	rootObject = EC1B127D279B4F2E0057D162 /* Project object */;
}
